{
  "name": "timed-utils",
  "version": "1.0.1",
  "lockfileVersion": 3,
  "requires": true,
  "packages": {
    "": {
      "name": "timed-utils",
      "version": "1.0.1",
      "license": "MIT",
      "dependencies": {
        "timed-utils": "^1.0.1"
      }
    },
    "node_modules/timed-utils": {
      "version": "1.0.1",
      "resolved": "https://registry.npmjs.org/timed-utils/-/timed-utils-1.0.1.tgz",
      "integrity": "sha512-RH9nhcMXlVVxBva+APLoSKOkUQtoN/AEwYpub4fFPMDijy+ueLs6PGbvxcJC7EXL4Q4+MeqP2yZIdGPsE0ZaSg=="
    }
  }
}
